Microsoft Visual Studio Solution File, Format Version 11.00
# Visual Studio 2008

Project("{CACFD17F-F34D-70D6-724B-3EDFEB631ACD}") = "tango-doodle", "Assembly-CSharp-vs.csproj", "{F3548E75-70B3-D890-5AF0-C69A13DEF1A1}"
EndProject
Project("{CACFD17F-F34D-70D6-724B-3EDFEB631ACD}") = "tango-doodle", "Assembly-CSharp-Editor-vs.csproj", "{80491F9B-45A9-874C-61CA-FBB53BC6E9F9}"
EndProject
Global
	GlobalSection(SolutionConfigurationPlatforms) = preSolution
		Debug|Any CPU = Debug|Any CPU
		Release|Any CPU = Release|Any CPU
	EndGlobalSection
	GlobalSection(ProjectConfigurationPlatforms) = postSolution
		{F3548E75-70B3-D890-5AF0-C69A13DEF1A1}.Debug|Any CPU.ActiveCfg = Debug|Any CPU
		{F3548E75-70B3-D890-5AF0-C69A13DEF1A1}.Debug|Any CPU.Build.0 = Debug|Any CPU
		{F3548E75-70B3-D890-5AF0-C69A13DEF1A1}.Release|Any CPU.ActiveCfg = Release|Any CPU
		{F3548E75-70B3-D890-5AF0-C69A13DEF1A1}.Release|Any CPU.Build.0 = Release|Any CPU
		{80491F9B-45A9-874C-61CA-FBB53BC6E9F9}.Debug|Any CPU.ActiveCfg = Debug|Any CPU
		{80491F9B-45A9-874C-61CA-FBB53BC6E9F9}.Debug|Any CPU.Build.0 = Debug|Any CPU
		{80491F9B-45A9-874C-61CA-FBB53BC6E9F9}.Release|Any CPU.ActiveCfg = Release|Any CPU
		{80491F9B-45A9-874C-61CA-FBB53BC6E9F9}.Release|Any CPU.Build.0 = Release|Any CPU
	EndGlobalSection
	GlobalSection(SolutionProperties) = preSolution
		HideSolutionNode = FALSE
	EndGlobalSection
		GlobalSection(MonoDevelopProperties) = preSolution
		StartupItem = Assembly-CSharp.csproj
		Policies = $0
		$0.TextStylePolicy = $1
		$1.inheritsSet = null
		$1.scope = text/x-csharp
		$0.CSharpFormattingPolicy = $2
		$2.inheritsSet = Mono
		$2.inheritsScope = text/x-csharp
		$2.scope = text/x-csharp
		$0.TextStylePolicy = $3
		$3.FileWidth = 120
		$3.TabWidth = 4
		$3.EolMarker = Unix
		$3.inheritsSet = Mono
		$3.inheritsScope = text/plain
		$3.scope = text/plain
	EndGlobalSection

EndGlobal
